
Microsoft Visual Studio Solution File, Format Version 12.00
# Visual Studio Version 16
VisualStudioVersion = 16.0.31321.278
MinimumVisualStudioVersion = 10.0.40219.1
Project("{2150E333-8FDC-42A3-9474-1A3956D46DE8}") = "00 Framework", "00 Framework", "{5CBEFDDF-A270-4507-9C0F-38F1C4D16E93}"
EndProject
Project("{2150E333-8FDC-42A3-9474-1A3956D46DE8}") = "01 Core", "01 Core", "{D5FDF0B7-882D-4CE9-8A41-D7C6B863C50E}"
EndProject
Project("{2150E333-8FDC-42A3-9474-1A3956D46DE8}") = "02 Infrastractures", "02 Infrastractures", "{C46A64F1-8A00-4EEE-8E2F-903E0F3A8220}"
EndProject
Project("{2150E333-8FDC-42A3-9474-1A3956D46DE8}") = "03 EndPoints", "03 EndPoints", "{19673017-BFAC-4082-8F5C-504A0AC9778D}"
EndProject
Global
	GlobalSection(SolutionProperties) = preSolution
		HideSolutionNode = FALSE
	EndGlobalSection
	GlobalSection(ExtensibilityGlobals) = postSolution
		SolutionGuid = {043E8886-7A2E-4CA9-86D9-4FE2EF75A4F8}
	EndGlobalSection
EndGlobal
