
Microsoft Visual Studio Solution File, Format Version 12.00
# Visual Studio Version 16
VisualStudioVersion = 16.0.31321.278
MinimumVisualStudioVersion = 10.0.40219.1
Project("{2150E333-8FDC-42A3-9474-1A3956D46DE8}") = "00 Framework", "00 Framework", "{5CBEFDDF-A270-4507-9C0F-38F1C4D16E93}"
EndProject
Project("{2150E333-8FDC-42A3-9474-1A3956D46DE8}") = "01 Core", "01 Core", "{D5FDF0B7-882D-4CE9-8A41-D7C6B863C50E}"
EndProject
Project("{2150E333-8FDC-42A3-9474-1A3956D46DE8}") = "02 Infrastractures", "02 Infrastractures", "{C46A64F1-8A00-4EEE-8E2F-903E0F3A8220}"
EndProject
Project("{2150E333-8FDC-42A3-9474-1A3956D46DE8}") = "03 EndPoints", "03 EndPoints", "{19673017-BFAC-4082-8F5C-504A0AC9778D}"
EndProject
Project("{9A19103F-16F7-4668-BE54-9A1E7A4F7556}") = "Framework.Domain", "00 Framework\Framework.Domain\Framework.Domain.csproj", "{F9538B89-CD07-42FF-87BB-9D8A35826D96}"
EndProject
Project("{9A19103F-16F7-4668-BE54-9A1E7A4F7556}") = "Framework.Tools", "00 Framework\Framework.Tools\Framework.Tools.csproj", "{A531F6E5-FDB9-4322-BA1A-A93EFB54EDB9}"
EndProject
Global
	GlobalSection(SolutionConfigurationPlatforms) = preSolution
		Debug|Any CPU = Debug|Any CPU
		Production|Any CPU = Production|Any CPU
		Release|Any CPU = Release|Any CPU
	EndGlobalSection
	GlobalSection(ProjectConfigurationPlatforms) = postSolution
		{F9538B89-CD07-42FF-87BB-9D8A35826D96}.Debug|Any CPU.ActiveCfg = Debug|Any CPU
		{F9538B89-CD07-42FF-87BB-9D8A35826D96}.Debug|Any CPU.Build.0 = Debug|Any CPU
		{F9538B89-CD07-42FF-87BB-9D8A35826D96}.Production|Any CPU.ActiveCfg = Production|Any CPU
		{F9538B89-CD07-42FF-87BB-9D8A35826D96}.Production|Any CPU.Build.0 = Production|Any CPU
		{F9538B89-CD07-42FF-87BB-9D8A35826D96}.Release|Any CPU.ActiveCfg = Release|Any CPU
		{F9538B89-CD07-42FF-87BB-9D8A35826D96}.Release|Any CPU.Build.0 = Release|Any CPU
		{A531F6E5-FDB9-4322-BA1A-A93EFB54EDB9}.Debug|Any CPU.ActiveCfg = Debug|Any CPU
		{A531F6E5-FDB9-4322-BA1A-A93EFB54EDB9}.Debug|Any CPU.Build.0 = Debug|Any CPU
		{A531F6E5-FDB9-4322-BA1A-A93EFB54EDB9}.Production|Any CPU.ActiveCfg = Production|Any CPU
		{A531F6E5-FDB9-4322-BA1A-A93EFB54EDB9}.Production|Any CPU.Build.0 = Production|Any CPU
		{A531F6E5-FDB9-4322-BA1A-A93EFB54EDB9}.Release|Any CPU.ActiveCfg = Release|Any CPU
		{A531F6E5-FDB9-4322-BA1A-A93EFB54EDB9}.Release|Any CPU.Build.0 = Release|Any CPU
	EndGlobalSection
	GlobalSection(SolutionProperties) = preSolution
		HideSolutionNode = FALSE
	EndGlobalSection
	GlobalSection(NestedProjects) = preSolution
		{F9538B89-CD07-42FF-87BB-9D8A35826D96} = {5CBEFDDF-A270-4507-9C0F-38F1C4D16E93}
		{A531F6E5-FDB9-4322-BA1A-A93EFB54EDB9} = {5CBEFDDF-A270-4507-9C0F-38F1C4D16E93}
	EndGlobalSection
	GlobalSection(ExtensibilityGlobals) = postSolution
		SolutionGuid = {043E8886-7A2E-4CA9-86D9-4FE2EF75A4F8}
	EndGlobalSection
EndGlobal
