
Microsoft Visual Studio Solution File, Format Version 12.00
# Visual Studio Version 16
VisualStudioVersion = 16.0.31321.278
MinimumVisualStudioVersion = 10.0.40219.1
Project("{2150E333-8FDC-42A3-9474-1A3956D46DE8}") = "00 Framework", "00 Framework", "{5CBEFDDF-A270-4507-9C0F-38F1C4D16E93}"
EndProject
Project("{2150E333-8FDC-42A3-9474-1A3956D46DE8}") = "01 Core", "01 Core", "{D5FDF0B7-882D-4CE9-8A41-D7C6B863C50E}"
EndProject
Project("{2150E333-8FDC-42A3-9474-1A3956D46DE8}") = "02 Infrastractures", "02 Infrastractures", "{C46A64F1-8A00-4EEE-8E2F-903E0F3A8220}"
EndProject
Project("{2150E333-8FDC-42A3-9474-1A3956D46DE8}") = "03 EndPoints", "03 EndPoints", "{19673017-BFAC-4082-8F5C-504A0AC9778D}"
EndProject
Project("{9A19103F-16F7-4668-BE54-9A1E7A4F7556}") = "Framework.Domain", "00 Framework\Framework.Domain\Framework.Domain.csproj", "{F9538B89-CD07-42FF-87BB-9D8A35826D96}"
EndProject
Project("{9A19103F-16F7-4668-BE54-9A1E7A4F7556}") = "Framework.Tools", "00 Framework\Framework.Tools\Framework.Tools.csproj", "{A531F6E5-FDB9-4322-BA1A-A93EFB54EDB9}"
EndProject
Project("{9A19103F-16F7-4668-BE54-9A1E7A4F7556}") = "01 Store.DomainModels", "01 Core\01 DomainModels\01 Store.DomainModels.csproj", "{7C4AED10-67EE-41E1-AF68-DEBCF5813EBE}"
EndProject
Project("{9A19103F-16F7-4668-BE54-9A1E7A4F7556}") = "02 Store.Contracts", "01 Core\02 Contracts\02 Store.Contracts.csproj", "{68190C9F-3AB3-4CD7-AD67-CB59B8DA4372}"
EndProject
Project("{9A19103F-16F7-4668-BE54-9A1E7A4F7556}") = "03 Store.DomainServices", "01 Core\03 DomainServices\03 Store.DomainServices.csproj", "{6AD55A40-C647-4E2B-8A1A-5A66A068F26E}"
EndProject
Project("{9A19103F-16F7-4668-BE54-9A1E7A4F7556}") = "04 Store.ApplicationServices", "01 Core\04 ApplicationServices\04 Store.ApplicationServices.csproj", "{499420D2-C6F2-45A3-9460-717D6462D654}"
EndProject
Project("{9A19103F-16F7-4668-BE54-9A1E7A4F7556}") = "Store.Infrastructure.DataAccess", "02 Infrastractures\Infrastructures.DataAccess\Store.Infrastructure.DataAccess.csproj", "{1E7FB6F4-5734-439C-B866-4FDC811FF0E2}"
EndProject
Project("{9A19103F-16F7-4668-BE54-9A1E7A4F7556}") = "Store.Infrastructure.Service", "02 Infrastractures\Infrastructure.Service\Store.Infrastructure.Service.csproj", "{B07AC288-4923-41DA-8D82-09706BD239D8}"
EndProject
Global
	GlobalSection(SolutionConfigurationPlatforms) = preSolution
		Debug|Any CPU = Debug|Any CPU
		Production|Any CPU = Production|Any CPU
		Release|Any CPU = Release|Any CPU
	EndGlobalSection
	GlobalSection(ProjectConfigurationPlatforms) = postSolution
		{F9538B89-CD07-42FF-87BB-9D8A35826D96}.Debug|Any CPU.ActiveCfg = Debug|Any CPU
		{F9538B89-CD07-42FF-87BB-9D8A35826D96}.Debug|Any CPU.Build.0 = Debug|Any CPU
		{F9538B89-CD07-42FF-87BB-9D8A35826D96}.Production|Any CPU.ActiveCfg = Production|Any CPU
		{F9538B89-CD07-42FF-87BB-9D8A35826D96}.Production|Any CPU.Build.0 = Production|Any CPU
		{F9538B89-CD07-42FF-87BB-9D8A35826D96}.Release|Any CPU.ActiveCfg = Release|Any CPU
		{F9538B89-CD07-42FF-87BB-9D8A35826D96}.Release|Any CPU.Build.0 = Release|Any CPU
		{A531F6E5-FDB9-4322-BA1A-A93EFB54EDB9}.Debug|Any CPU.ActiveCfg = Debug|Any CPU
		{A531F6E5-FDB9-4322-BA1A-A93EFB54EDB9}.Debug|Any CPU.Build.0 = Debug|Any CPU
		{A531F6E5-FDB9-4322-BA1A-A93EFB54EDB9}.Production|Any CPU.ActiveCfg = Production|Any CPU
		{A531F6E5-FDB9-4322-BA1A-A93EFB54EDB9}.Production|Any CPU.Build.0 = Production|Any CPU
		{A531F6E5-FDB9-4322-BA1A-A93EFB54EDB9}.Release|Any CPU.ActiveCfg = Release|Any CPU
		{A531F6E5-FDB9-4322-BA1A-A93EFB54EDB9}.Release|Any CPU.Build.0 = Release|Any CPU
		{7C4AED10-67EE-41E1-AF68-DEBCF5813EBE}.Debug|Any CPU.ActiveCfg = Debug|Any CPU
		{7C4AED10-67EE-41E1-AF68-DEBCF5813EBE}.Debug|Any CPU.Build.0 = Debug|Any CPU
		{7C4AED10-67EE-41E1-AF68-DEBCF5813EBE}.Production|Any CPU.ActiveCfg = Debug|Any CPU
		{7C4AED10-67EE-41E1-AF68-DEBCF5813EBE}.Production|Any CPU.Build.0 = Debug|Any CPU
		{7C4AED10-67EE-41E1-AF68-DEBCF5813EBE}.Release|Any CPU.ActiveCfg = Release|Any CPU
		{7C4AED10-67EE-41E1-AF68-DEBCF5813EBE}.Release|Any CPU.Build.0 = Release|Any CPU
		{68190C9F-3AB3-4CD7-AD67-CB59B8DA4372}.Debug|Any CPU.ActiveCfg = Debug|Any CPU
		{68190C9F-3AB3-4CD7-AD67-CB59B8DA4372}.Debug|Any CPU.Build.0 = Debug|Any CPU
		{68190C9F-3AB3-4CD7-AD67-CB59B8DA4372}.Production|Any CPU.ActiveCfg = Production|Any CPU
		{68190C9F-3AB3-4CD7-AD67-CB59B8DA4372}.Production|Any CPU.Build.0 = Production|Any CPU
		{68190C9F-3AB3-4CD7-AD67-CB59B8DA4372}.Release|Any CPU.ActiveCfg = Release|Any CPU
		{68190C9F-3AB3-4CD7-AD67-CB59B8DA4372}.Release|Any CPU.Build.0 = Release|Any CPU
		{6AD55A40-C647-4E2B-8A1A-5A66A068F26E}.Debug|Any CPU.ActiveCfg = Debug|Any CPU
		{6AD55A40-C647-4E2B-8A1A-5A66A068F26E}.Debug|Any CPU.Build.0 = Debug|Any CPU
		{6AD55A40-C647-4E2B-8A1A-5A66A068F26E}.Production|Any CPU.ActiveCfg = Production|Any CPU
		{6AD55A40-C647-4E2B-8A1A-5A66A068F26E}.Production|Any CPU.Build.0 = Production|Any CPU
		{6AD55A40-C647-4E2B-8A1A-5A66A068F26E}.Release|Any CPU.ActiveCfg = Release|Any CPU
		{6AD55A40-C647-4E2B-8A1A-5A66A068F26E}.Release|Any CPU.Build.0 = Release|Any CPU
		{499420D2-C6F2-45A3-9460-717D6462D654}.Debug|Any CPU.ActiveCfg = Debug|Any CPU
		{499420D2-C6F2-45A3-9460-717D6462D654}.Debug|Any CPU.Build.0 = Debug|Any CPU
		{499420D2-C6F2-45A3-9460-717D6462D654}.Production|Any CPU.ActiveCfg = Production|Any CPU
		{499420D2-C6F2-45A3-9460-717D6462D654}.Production|Any CPU.Build.0 = Production|Any CPU
		{499420D2-C6F2-45A3-9460-717D6462D654}.Release|Any CPU.ActiveCfg = Release|Any CPU
		{499420D2-C6F2-45A3-9460-717D6462D654}.Release|Any CPU.Build.0 = Release|Any CPU
		{1E7FB6F4-5734-439C-B866-4FDC811FF0E2}.Debug|Any CPU.ActiveCfg = Debug|Any CPU
		{1E7FB6F4-5734-439C-B866-4FDC811FF0E2}.Debug|Any CPU.Build.0 = Debug|Any CPU
		{1E7FB6F4-5734-439C-B866-4FDC811FF0E2}.Production|Any CPU.ActiveCfg = Production|Any CPU
		{1E7FB6F4-5734-439C-B866-4FDC811FF0E2}.Production|Any CPU.Build.0 = Production|Any CPU
		{1E7FB6F4-5734-439C-B866-4FDC811FF0E2}.Release|Any CPU.ActiveCfg = Release|Any CPU
		{1E7FB6F4-5734-439C-B866-4FDC811FF0E2}.Release|Any CPU.Build.0 = Release|Any CPU
		{B07AC288-4923-41DA-8D82-09706BD239D8}.Debug|Any CPU.ActiveCfg = Debug|Any CPU
		{B07AC288-4923-41DA-8D82-09706BD239D8}.Debug|Any CPU.Build.0 = Debug|Any CPU
		{B07AC288-4923-41DA-8D82-09706BD239D8}.Production|Any CPU.ActiveCfg = Production|Any CPU
		{B07AC288-4923-41DA-8D82-09706BD239D8}.Production|Any CPU.Build.0 = Production|Any CPU
		{B07AC288-4923-41DA-8D82-09706BD239D8}.Release|Any CPU.ActiveCfg = Release|Any CPU
		{B07AC288-4923-41DA-8D82-09706BD239D8}.Release|Any CPU.Build.0 = Release|Any CPU
	EndGlobalSection
	GlobalSection(SolutionProperties) = preSolution
		HideSolutionNode = FALSE
	EndGlobalSection
	GlobalSection(NestedProjects) = preSolution
		{F9538B89-CD07-42FF-87BB-9D8A35826D96} = {5CBEFDDF-A270-4507-9C0F-38F1C4D16E93}
		{A531F6E5-FDB9-4322-BA1A-A93EFB54EDB9} = {5CBEFDDF-A270-4507-9C0F-38F1C4D16E93}
		{7C4AED10-67EE-41E1-AF68-DEBCF5813EBE} = {D5FDF0B7-882D-4CE9-8A41-D7C6B863C50E}
		{68190C9F-3AB3-4CD7-AD67-CB59B8DA4372} = {D5FDF0B7-882D-4CE9-8A41-D7C6B863C50E}
		{6AD55A40-C647-4E2B-8A1A-5A66A068F26E} = {D5FDF0B7-882D-4CE9-8A41-D7C6B863C50E}
		{499420D2-C6F2-45A3-9460-717D6462D654} = {D5FDF0B7-882D-4CE9-8A41-D7C6B863C50E}
		{1E7FB6F4-5734-439C-B866-4FDC811FF0E2} = {C46A64F1-8A00-4EEE-8E2F-903E0F3A8220}
		{B07AC288-4923-41DA-8D82-09706BD239D8} = {C46A64F1-8A00-4EEE-8E2F-903E0F3A8220}
	EndGlobalSection
	GlobalSection(ExtensibilityGlobals) = postSolution
		SolutionGuid = {043E8886-7A2E-4CA9-86D9-4FE2EF75A4F8}
	EndGlobalSection
EndGlobal
